
Microsoft Visual Studio Solution File, Format Version 12.00
# Visual Studio Version 16
VisualStudioVersion = 16.0.32228.343
MinimumVisualStudioVersion = 10.0.40219.1
Project("{8BC9CEB8-8B4A-11D0-8D11-00A0C91BC942}") = "csec476_project", "csec476_project.vcxproj", "{692D3A07-8856-45CC-BC31-0B5265D9CB66}"
EndProject
Global
	GlobalSection(SolutionConfigurationPlatforms) = preSolution
		Debug|x64 = Debug|x64
		Debug|x86 = Debug|x86
		Release|x64 = Release|x64
		Release|x86 = Release|x86
	EndGlobalSection
	GlobalSection(ProjectConfigurationPlatforms) = postSolution
		{692D3A07-8856-45CC-BC31-0B5265D9CB66}.Debug|x64.ActiveCfg = Debug|x64
		{692D3A07-8856-45CC-BC31-0B5265D9CB66}.Debug|x64.Build.0 = Debug|x64
		{692D3A07-8856-45CC-BC31-0B5265D9CB66}.Debug|x86.ActiveCfg = Debug|Win32
		{692D3A07-8856-45CC-BC31-0B5265D9CB66}.Debug|x86.Build.0 = Debug|Win32
		{692D3A07-8856-45CC-BC31-0B5265D9CB66}.Release|x64.ActiveCfg = Release|x64
		{692D3A07-8856-45CC-BC31-0B5265D9CB66}.Release|x64.Build.0 = Release|x64
		{692D3A07-8856-45CC-BC31-0B5265D9CB66}.Release|x86.ActiveCfg = Release|Win32
		{692D3A07-8856-45CC-BC31-0B5265D9CB66}.Release|x86.Build.0 = Release|Win32
	EndGlobalSection
	GlobalSection(SolutionProperties) = preSolution
		HideSolutionNode = FALSE
	EndGlobalSection
	GlobalSection(ExtensibilityGlobals) = postSolution
		SolutionGuid = {BC66CBAF-5A47-4FDE-A76B-D023257029E5}
	EndGlobalSection
EndGlobal
